
Microsoft Visual Studio Solution File, Format Version 12.00
# Visual Studio Version 16
VisualStudioVersion = 16.0.29613.14
MinimumVisualStudioVersion = 10.0.40219.1
Project("{FAE04EC0-301F-11D3-BF4B-00C04F79EFBC}") = "01. Reverse Strings", "01. Reverse Strings\01. Reverse Strings.csproj", "{D8B5011B-C471-463C-B5B4-EC01BBED7AB2}"
EndProject
Project("{FAE04EC0-301F-11D3-BF4B-00C04F79EFBC}") = "02. Repeat Strings", "02. Repeat Strings\02. Repeat Strings.csproj", "{4B8D97AF-A929-41FC-8433-33EF2C97F368}"
EndProject
Project("{FAE04EC0-301F-11D3-BF4B-00C04F79EFBC}") = "03. Substring", "03. Substring\03. Substring.csproj", "{333297B8-A8BA-4C45-AF58-0524A0788F25}"
EndProject
Project("{FAE04EC0-301F-11D3-BF4B-00C04F79EFBC}") = "04. Text Filter", "04. Text Filter\04. Text Filter.csproj", "{55DE183D-6115-4B50-812D-6BC61AB80698}"
EndProject
Project("{FAE04EC0-301F-11D3-BF4B-00C04F79EFBC}") = "05. Digits, Letters and Other", "05. Digits, Letters and Other\05. Digits, Letters and Other.csproj", "{B22494D7-A06B-490F-9A24-C94C9B6DA642}"
EndProject
Global
	GlobalSection(SolutionConfigurationPlatforms) = preSolution
		Debug|Any CPU = Debug|Any CPU
		Release|Any CPU = Release|Any CPU
	EndGlobalSection
	GlobalSection(ProjectConfigurationPlatforms) = postSolution
		{D8B5011B-C471-463C-B5B4-EC01BBED7AB2}.Debug|Any CPU.ActiveCfg = Debug|Any CPU
		{D8B5011B-C471-463C-B5B4-EC01BBED7AB2}.Debug|Any CPU.Build.0 = Debug|Any CPU
		{D8B5011B-C471-463C-B5B4-EC01BBED7AB2}.Release|Any CPU.ActiveCfg = Release|Any CPU
		{D8B5011B-C471-463C-B5B4-EC01BBED7AB2}.Release|Any CPU.Build.0 = Release|Any CPU
		{4B8D97AF-A929-41FC-8433-33EF2C97F368}.Debug|Any CPU.ActiveCfg = Debug|Any CPU
		{4B8D97AF-A929-41FC-8433-33EF2C97F368}.Debug|Any CPU.Build.0 = Debug|Any CPU
		{4B8D97AF-A929-41FC-8433-33EF2C97F368}.Release|Any CPU.ActiveCfg = Release|Any CPU
		{4B8D97AF-A929-41FC-8433-33EF2C97F368}.Release|Any CPU.Build.0 = Release|Any CPU
		{333297B8-A8BA-4C45-AF58-0524A0788F25}.Debug|Any CPU.ActiveCfg = Debug|Any CPU
		{333297B8-A8BA-4C45-AF58-0524A0788F25}.Debug|Any CPU.Build.0 = Debug|Any CPU
		{333297B8-A8BA-4C45-AF58-0524A0788F25}.Release|Any CPU.ActiveCfg = Release|Any CPU
		{333297B8-A8BA-4C45-AF58-0524A0788F25}.Release|Any CPU.Build.0 = Release|Any CPU
		{55DE183D-6115-4B50-812D-6BC61AB80698}.Debug|Any CPU.ActiveCfg = Debug|Any CPU
		{55DE183D-6115-4B50-812D-6BC61AB80698}.Debug|Any CPU.Build.0 = Debug|Any CPU
		{55DE183D-6115-4B50-812D-6BC61AB80698}.Release|Any CPU.ActiveCfg = Release|Any CPU
		{55DE183D-6115-4B50-812D-6BC61AB80698}.Release|Any CPU.Build.0 = Release|Any CPU
		{B22494D7-A06B-490F-9A24-C94C9B6DA642}.Debug|Any CPU.ActiveCfg = Debug|Any CPU
		{B22494D7-A06B-490F-9A24-C94C9B6DA642}.Debug|Any CPU.Build.0 = Debug|Any CPU
		{B22494D7-A06B-490F-9A24-C94C9B6DA642}.Release|Any CPU.ActiveCfg = Release|Any CPU
		{B22494D7-A06B-490F-9A24-C94C9B6DA642}.Release|Any CPU.Build.0 = Release|Any CPU
	EndGlobalSection
	GlobalSection(SolutionProperties) = preSolution
		HideSolutionNode = FALSE
	EndGlobalSection
	GlobalSection(ExtensibilityGlobals) = postSolution
		SolutionGuid = {868B2184-FF3A-4DC3-9F62-9B9D361CA98F}
	EndGlobalSection
EndGlobal
