
Microsoft Visual Studio Solution File, Format Version 12.00
# Visual Studio Version 16
VisualStudioVersion = 16.0.29613.14
MinimumVisualStudioVersion = 10.0.40219.1
Project("{FAE04EC0-301F-11D3-BF4B-00C04F79EFBC}") = "01. Permutations", "01. Permutations\01. Permutations.csproj", "{DBBE0D89-5033-4E15-A367-CAA2D62BCD6C}"
EndProject
Project("{FAE04EC0-301F-11D3-BF4B-00C04F79EFBC}") = "02. Divide count recursion", "02. Divide count recursion\02. Divide count recursion.csproj", "{2F34520F-A25D-4475-9ECD-C4FD82E3D690}"
EndProject
Global
	GlobalSection(SolutionConfigurationPlatforms) = preSolution
		Debug|Any CPU = Debug|Any CPU
		Release|Any CPU = Release|Any CPU
	EndGlobalSection
	GlobalSection(ProjectConfigurationPlatforms) = postSolution
		{DBBE0D89-5033-4E15-A367-CAA2D62BCD6C}.Debug|Any CPU.ActiveCfg = Debug|Any CPU
		{DBBE0D89-5033-4E15-A367-CAA2D62BCD6C}.Debug|Any CPU.Build.0 = Debug|Any CPU
		{DBBE0D89-5033-4E15-A367-CAA2D62BCD6C}.Release|Any CPU.ActiveCfg = Release|Any CPU
		{DBBE0D89-5033-4E15-A367-CAA2D62BCD6C}.Release|Any CPU.Build.0 = Release|Any CPU
		{2F34520F-A25D-4475-9ECD-C4FD82E3D690}.Debug|Any CPU.ActiveCfg = Debug|Any CPU
		{2F34520F-A25D-4475-9ECD-C4FD82E3D690}.Debug|Any CPU.Build.0 = Debug|Any CPU
		{2F34520F-A25D-4475-9ECD-C4FD82E3D690}.Release|Any CPU.ActiveCfg = Release|Any CPU
		{2F34520F-A25D-4475-9ECD-C4FD82E3D690}.Release|Any CPU.Build.0 = Release|Any CPU
	EndGlobalSection
	GlobalSection(SolutionProperties) = preSolution
		HideSolutionNode = FALSE
	EndGlobalSection
	GlobalSection(ExtensibilityGlobals) = postSolution
		SolutionGuid = {C51C5693-EEC8-4D37-8726-A072CB75BA5A}
	EndGlobalSection
EndGlobal
