
Microsoft Visual Studio Solution File, Format Version 12.00
# Visual Studio Version 16
VisualStudioVersion = 16.0.29613.14
MinimumVisualStudioVersion = 10.0.40219.1
Project("{FAE04EC0-301F-11D3-BF4B-00C04F79EFBC}") = "01. Extract Person Information", "01. Extract Person Information\01. Extract Person Information.csproj", "{0723CAA5-4B00-4962-9F2C-81EC9D8D25E9}"
EndProject
Project("{FAE04EC0-301F-11D3-BF4B-00C04F79EFBC}") = "02. Ascii Sumator", "02. Ascii Sumator\02. Ascii Sumator.csproj", "{91425AB3-17C9-4011-A9B8-FEFBB5008196}"
EndProject
Project("{FAE04EC0-301F-11D3-BF4B-00C04F79EFBC}") = "03. Treasure Finder", "03. Treasure Finder\03. Treasure Finder.csproj", "{24003614-EA64-4472-A01F-8396E59041D8}"
EndProject
Project("{FAE04EC0-301F-11D3-BF4B-00C04F79EFBC}") = "04. Morse Code Translator", "04. Morse Code Translator\04. Morse Code Translator.csproj", "{750A5760-AA9D-4EDD-AE97-655FEAB8868A}"
EndProject
Project("{FAE04EC0-301F-11D3-BF4B-00C04F79EFBC}") = "05. HTML", "05. HTML\05. HTML.csproj", "{66CF58E6-6CC7-441B-9BF4-8E2B3701B8E7}"
EndProject
Global
	GlobalSection(SolutionConfigurationPlatforms) = preSolution
		Debug|Any CPU = Debug|Any CPU
		Release|Any CPU = Release|Any CPU
	EndGlobalSection
	GlobalSection(ProjectConfigurationPlatforms) = postSolution
		{0723CAA5-4B00-4962-9F2C-81EC9D8D25E9}.Debug|Any CPU.ActiveCfg = Debug|Any CPU
		{0723CAA5-4B00-4962-9F2C-81EC9D8D25E9}.Debug|Any CPU.Build.0 = Debug|Any CPU
		{0723CAA5-4B00-4962-9F2C-81EC9D8D25E9}.Release|Any CPU.ActiveCfg = Release|Any CPU
		{0723CAA5-4B00-4962-9F2C-81EC9D8D25E9}.Release|Any CPU.Build.0 = Release|Any CPU
		{91425AB3-17C9-4011-A9B8-FEFBB5008196}.Debug|Any CPU.ActiveCfg = Debug|Any CPU
		{91425AB3-17C9-4011-A9B8-FEFBB5008196}.Debug|Any CPU.Build.0 = Debug|Any CPU
		{91425AB3-17C9-4011-A9B8-FEFBB5008196}.Release|Any CPU.ActiveCfg = Release|Any CPU
		{91425AB3-17C9-4011-A9B8-FEFBB5008196}.Release|Any CPU.Build.0 = Release|Any CPU
		{24003614-EA64-4472-A01F-8396E59041D8}.Debug|Any CPU.ActiveCfg = Debug|Any CPU
		{24003614-EA64-4472-A01F-8396E59041D8}.Debug|Any CPU.Build.0 = Debug|Any CPU
		{24003614-EA64-4472-A01F-8396E59041D8}.Release|Any CPU.ActiveCfg = Release|Any CPU
		{24003614-EA64-4472-A01F-8396E59041D8}.Release|Any CPU.Build.0 = Release|Any CPU
		{750A5760-AA9D-4EDD-AE97-655FEAB8868A}.Debug|Any CPU.ActiveCfg = Debug|Any CPU
		{750A5760-AA9D-4EDD-AE97-655FEAB8868A}.Debug|Any CPU.Build.0 = Debug|Any CPU
		{750A5760-AA9D-4EDD-AE97-655FEAB8868A}.Release|Any CPU.ActiveCfg = Release|Any CPU
		{750A5760-AA9D-4EDD-AE97-655FEAB8868A}.Release|Any CPU.Build.0 = Release|Any CPU
		{66CF58E6-6CC7-441B-9BF4-8E2B3701B8E7}.Debug|Any CPU.ActiveCfg = Debug|Any CPU
		{66CF58E6-6CC7-441B-9BF4-8E2B3701B8E7}.Debug|Any CPU.Build.0 = Debug|Any CPU
		{66CF58E6-6CC7-441B-9BF4-8E2B3701B8E7}.Release|Any CPU.ActiveCfg = Release|Any CPU
		{66CF58E6-6CC7-441B-9BF4-8E2B3701B8E7}.Release|Any CPU.Build.0 = Release|Any CPU
	EndGlobalSection
	GlobalSection(SolutionProperties) = preSolution
		HideSolutionNode = FALSE
	EndGlobalSection
	GlobalSection(ExtensibilityGlobals) = postSolution
		SolutionGuid = {69CD49F0-7020-4341-87F2-1DD1232E0085}
	EndGlobalSection
EndGlobal
