
Microsoft Visual Studio Solution File, Format Version 12.00
# Visual Studio Version 16
VisualStudioVersion = 16.0.29613.14
MinimumVisualStudioVersion = 10.0.40219.1
Project("{FAE04EC0-301F-11D3-BF4B-00C04F79EFBC}") = "01. Furniture", "01. Furniture\01. Furniture.csproj", "{792EA613-5FE3-4D2F-AB4A-7AC9B97EEE07}"
EndProject
Project("{FAE04EC0-301F-11D3-BF4B-00C04F79EFBC}") = "02. Race", "02. Race\02. Race.csproj", "{2C8EC569-B886-462A-ADA5-20FFCA57E7B7}"
EndProject
Project("{FAE04EC0-301F-11D3-BF4B-00C04F79EFBC}") = "03. SoftUni Bar Income", "03. SoftUni Bar Income\03. SoftUni Bar Income.csproj", "{BC282A36-1B52-408D-BDDF-27F9833562D6}"
EndProject
Global
	GlobalSection(SolutionConfigurationPlatforms) = preSolution
		Debug|Any CPU = Debug|Any CPU
		Release|Any CPU = Release|Any CPU
	EndGlobalSection
	GlobalSection(ProjectConfigurationPlatforms) = postSolution
		{792EA613-5FE3-4D2F-AB4A-7AC9B97EEE07}.Debug|Any CPU.ActiveCfg = Debug|Any CPU
		{792EA613-5FE3-4D2F-AB4A-7AC9B97EEE07}.Debug|Any CPU.Build.0 = Debug|Any CPU
		{792EA613-5FE3-4D2F-AB4A-7AC9B97EEE07}.Release|Any CPU.ActiveCfg = Release|Any CPU
		{792EA613-5FE3-4D2F-AB4A-7AC9B97EEE07}.Release|Any CPU.Build.0 = Release|Any CPU
		{2C8EC569-B886-462A-ADA5-20FFCA57E7B7}.Debug|Any CPU.ActiveCfg = Debug|Any CPU
		{2C8EC569-B886-462A-ADA5-20FFCA57E7B7}.Debug|Any CPU.Build.0 = Debug|Any CPU
		{2C8EC569-B886-462A-ADA5-20FFCA57E7B7}.Release|Any CPU.ActiveCfg = Release|Any CPU
		{2C8EC569-B886-462A-ADA5-20FFCA57E7B7}.Release|Any CPU.Build.0 = Release|Any CPU
		{BC282A36-1B52-408D-BDDF-27F9833562D6}.Debug|Any CPU.ActiveCfg = Debug|Any CPU
		{BC282A36-1B52-408D-BDDF-27F9833562D6}.Debug|Any CPU.Build.0 = Debug|Any CPU
		{BC282A36-1B52-408D-BDDF-27F9833562D6}.Release|Any CPU.ActiveCfg = Release|Any CPU
		{BC282A36-1B52-408D-BDDF-27F9833562D6}.Release|Any CPU.Build.0 = Release|Any CPU
	EndGlobalSection
	GlobalSection(SolutionProperties) = preSolution
		HideSolutionNode = FALSE
	EndGlobalSection
	GlobalSection(ExtensibilityGlobals) = postSolution
		SolutionGuid = {3C5973FB-A6EF-4F0A-9027-B1DD02FF7B34}
	EndGlobalSection
EndGlobal
